
Microsoft Visual Studio Solution File, Format Version 12.00
# Visual Studio Version 17
VisualStudioVersion = 17.0.32014.148
MinimumVisualStudioVersion = 10.0.40219.1
Project("{9A19103F-16F7-4668-BE54-9A1E7A4F7556}") = "LoginFlow", "LoginFlow\LoginFlow.csproj", "{DDD841B7-E91C-44E6-8B92-845A6B14A94C}"
EndProject
Global
	GlobalSection(SolutionConfigurationPlatforms) = preSolution
		Debug|Any CPU = Debug|Any CPU
		Release|Any CPU = Release|Any CPU
	EndGlobalSection
	GlobalSection(ProjectConfigurationPlatforms) = postSolution
		{DDD841B7-E91C-44E6-8B92-845A6B14A94C}.Debug|Any CPU.ActiveCfg = Debug|Any CPU
		{DDD841B7-E91C-44E6-8B92-845A6B14A94C}.Debug|Any CPU.Build.0 = Debug|Any CPU
		{DDD841B7-E91C-44E6-8B92-845A6B14A94C}.Release|Any CPU.ActiveCfg = Release|Any CPU
		{DDD841B7-E91C-44E6-8B92-845A6B14A94C}.Release|Any CPU.Build.0 = Release|Any CPU
	EndGlobalSection
	GlobalSection(SolutionProperties) = preSolution
		HideSolutionNode = FALSE
	EndGlobalSection
	GlobalSection(ExtensibilityGlobals) = postSolution
		SolutionGuid = {66DFBDB0-9D9E-4B23-9C27-EB8AD5DCBCF0}
	EndGlobalSection
EndGlobal
